{
  "name": "reframe",
  "version": "1.0.0",
  "lockfileVersion": 2,
  "requires": true,
  "packages": {
    "": {
      "name": "reframe",
      "version": "1.0.0",
      "license": "GPL-3.0",
      "dependencies": {
        "three": "^0.139.0"
      }
    },
    "node_modules/three": {
      "version": "0.139.0",
      "resolved": "https://registry.npmjs.org/three/-/three-0.139.0.tgz",
      "integrity": "sha512-hZ4LkCjgoEM82WLaOVptDKGpB3SkEyuJP2OHe36AFO8hS2I6CrEiNanXj7wwR3wIPT7V5wi5Y5pFnncS5SVHgQ=="
    }
  },
  "dependencies": {
    "three": {
      "version": "0.139.0",
      "resolved": "https://registry.npmjs.org/three/-/three-0.139.0.tgz",
      "integrity": "sha512-hZ4LkCjgoEM82WLaOVptDKGpB3SkEyuJP2OHe36AFO8hS2I6CrEiNanXj7wwR3wIPT7V5wi5Y5pFnncS5SVHgQ=="
    }
  }
}
